
Microsoft Visual Studio Solution File, Format Version 12.00
# Visual Studio Version 16
VisualStudioVersion = 16.0.29613.14
MinimumVisualStudioVersion = 10.0.40219.1
Project("{FAE04EC0-301F-11D3-BF4B-00C04F79EFBC}") = "BerlinClock", "BerlinClock.csproj", "{0451204D-BF86-43E1-B560-FC9AC830B9A9}"
EndProject
Project("{FAE04EC0-301F-11D3-BF4B-00C04F79EFBC}") = "BerlinClock.IntegrationTests", "BerlinClock.IntegrationTests\BerlinClock.IntegrationTests.csproj", "{E5C31792-FB3E-420A-A449-54F1D93E3401}"
EndProject
Global
	GlobalSection(SolutionConfigurationPlatforms) = preSolution
		Debug|Any CPU = Debug|Any CPU
		Release|Any CPU = Release|Any CPU
	EndGlobalSection
	GlobalSection(ProjectConfigurationPlatforms) = postSolution
		{0451204D-BF86-43E1-B560-FC9AC830B9A9}.Debug|Any CPU.ActiveCfg = Debug|Any CPU
		{0451204D-BF86-43E1-B560-FC9AC830B9A9}.Debug|Any CPU.Build.0 = Debug|Any CPU
		{0451204D-BF86-43E1-B560-FC9AC830B9A9}.Release|Any CPU.ActiveCfg = Release|Any CPU
		{0451204D-BF86-43E1-B560-FC9AC830B9A9}.Release|Any CPU.Build.0 = Release|Any CPU
		{E5C31792-FB3E-420A-A449-54F1D93E3401}.Debug|Any CPU.ActiveCfg = Debug|Any CPU
		{E5C31792-FB3E-420A-A449-54F1D93E3401}.Debug|Any CPU.Build.0 = Debug|Any CPU
		{E5C31792-FB3E-420A-A449-54F1D93E3401}.Release|Any CPU.ActiveCfg = Release|Any CPU
		{E5C31792-FB3E-420A-A449-54F1D93E3401}.Release|Any CPU.Build.0 = Release|Any CPU
	EndGlobalSection
	GlobalSection(SolutionProperties) = preSolution
		HideSolutionNode = FALSE
	EndGlobalSection
	GlobalSection(ExtensibilityGlobals) = postSolution
		SolutionGuid = {A62DD5A4-972A-47B3-8B4E-8352B871D70F}
	EndGlobalSection
EndGlobal
